
Microsoft Visual Studio Solution File, Format Version 12.00
# Visual Studio Version 17
VisualStudioVersion = 17.14.36616.10 d17.14
MinimumVisualStudioVersion = 10.0.40219.1
Project("{FAE04EC0-301F-11D3-BF4B-00C04F79EFBC}") = "HYAudioPdfCollection", "HYAudioPdfCollection\HYAudioPdfCollection.csproj", "{C80985DA-5467-4E8E-A3B4-ECF2033F8ABF}"
EndProject
Global
	GlobalSection(SolutionConfigurationPlatforms) = preSolution
		Debug|Any CPU = Debug|Any CPU
		Release|Any CPU = Release|Any CPU
	EndGlobalSection
	GlobalSection(ProjectConfigurationPlatforms) = postSolution
		{C80985DA-5467-4E8E-A3B4-ECF2033F8ABF}.Debug|Any CPU.ActiveCfg = Debug|Any CPU
		{C80985DA-5467-4E8E-A3B4-ECF2033F8ABF}.Debug|Any CPU.Build.0 = Debug|Any CPU
		{C80985DA-5467-4E8E-A3B4-ECF2033F8ABF}.Release|Any CPU.ActiveCfg = Release|Any CPU
		{C80985DA-5467-4E8E-A3B4-ECF2033F8ABF}.Release|Any CPU.Build.0 = Release|Any CPU
	EndGlobalSection
	GlobalSection(SolutionProperties) = preSolution
		HideSolutionNode = FALSE
	EndGlobalSection
	GlobalSection(ExtensibilityGlobals) = postSolution
		SolutionGuid = {AB46C7FB-96CC-45B0-99C7-E27948E2FC46}
	EndGlobalSection
EndGlobal
